
Microsoft Visual Studio Solution File, Format Version 12.00
# Visual Studio 15
VisualStudioVersion = 15.0.26124.0
MinimumVisualStudioVersion = 15.0.26124.0
Project("{FAE04EC0-301F-11D3-BF4B-00C04F79EFBC}") = "Provider", "src\Provider.csproj", "{EB4A7BD7-BFAF-44AD-BFEB-B69897309398}"
EndProject
Project("{FAE04EC0-301F-11D3-BF4B-00C04F79EFBC}") = "NetCore.Pact.Demo", "test\NetCore.Pact.Demo.csproj", "{01B3E963-6AC6-48CA-98C3-B8610FE9964B}"
EndProject
Global
	GlobalSection(SolutionConfigurationPlatforms) = preSolution
		Debug|Any CPU = Debug|Any CPU
		Debug|x64 = Debug|x64
		Debug|x86 = Debug|x86
		Release|Any CPU = Release|Any CPU
		Release|x64 = Release|x64
		Release|x86 = Release|x86
	EndGlobalSection
	GlobalSection(SolutionProperties) = preSolution
		HideSolutionNode = FALSE
	EndGlobalSection
	GlobalSection(ProjectConfigurationPlatforms) = postSolution
		{EB4A7BD7-BFAF-44AD-BFEB-B69897309398}.Debug|Any CPU.ActiveCfg = Debug|Any CPU
		{EB4A7BD7-BFAF-44AD-BFEB-B69897309398}.Debug|Any CPU.Build.0 = Debug|Any CPU
		{EB4A7BD7-BFAF-44AD-BFEB-B69897309398}.Debug|x64.ActiveCfg = Debug|Any CPU
		{EB4A7BD7-BFAF-44AD-BFEB-B69897309398}.Debug|x64.Build.0 = Debug|Any CPU
		{EB4A7BD7-BFAF-44AD-BFEB-B69897309398}.Debug|x86.ActiveCfg = Debug|Any CPU
		{EB4A7BD7-BFAF-44AD-BFEB-B69897309398}.Debug|x86.Build.0 = Debug|Any CPU
		{EB4A7BD7-BFAF-44AD-BFEB-B69897309398}.Release|Any CPU.ActiveCfg = Release|Any CPU
		{EB4A7BD7-BFAF-44AD-BFEB-B69897309398}.Release|Any CPU.Build.0 = Release|Any CPU
		{EB4A7BD7-BFAF-44AD-BFEB-B69897309398}.Release|x64.ActiveCfg = Release|Any CPU
		{EB4A7BD7-BFAF-44AD-BFEB-B69897309398}.Release|x64.Build.0 = Release|Any CPU
		{EB4A7BD7-BFAF-44AD-BFEB-B69897309398}.Release|x86.ActiveCfg = Release|Any CPU
		{EB4A7BD7-BFAF-44AD-BFEB-B69897309398}.Release|x86.Build.0 = Release|Any CPU
		{01B3E963-6AC6-48CA-98C3-B8610FE9964B}.Debug|Any CPU.ActiveCfg = Debug|Any CPU
		{01B3E963-6AC6-48CA-98C3-B8610FE9964B}.Debug|Any CPU.Build.0 = Debug|Any CPU
		{01B3E963-6AC6-48CA-98C3-B8610FE9964B}.Debug|x64.ActiveCfg = Debug|Any CPU
		{01B3E963-6AC6-48CA-98C3-B8610FE9964B}.Debug|x64.Build.0 = Debug|Any CPU
		{01B3E963-6AC6-48CA-98C3-B8610FE9964B}.Debug|x86.ActiveCfg = Debug|Any CPU
		{01B3E963-6AC6-48CA-98C3-B8610FE9964B}.Debug|x86.Build.0 = Debug|Any CPU
		{01B3E963-6AC6-48CA-98C3-B8610FE9964B}.Release|Any CPU.ActiveCfg = Release|Any CPU
		{01B3E963-6AC6-48CA-98C3-B8610FE9964B}.Release|Any CPU.Build.0 = Release|Any CPU
		{01B3E963-6AC6-48CA-98C3-B8610FE9964B}.Release|x64.ActiveCfg = Release|Any CPU
		{01B3E963-6AC6-48CA-98C3-B8610FE9964B}.Release|x64.Build.0 = Release|Any CPU
		{01B3E963-6AC6-48CA-98C3-B8610FE9964B}.Release|x86.ActiveCfg = Release|Any CPU
		{01B3E963-6AC6-48CA-98C3-B8610FE9964B}.Release|x86.Build.0 = Release|Any CPU
	EndGlobalSection
EndGlobal
